
Microsoft Visual Studio Solution File, Format Version 12.00
# Visual Studio 15
VisualStudioVersion = 15.0.28307.1525
MinimumVisualStudioVersion = 10.0.40219.1
Project("{FAE04EC0-301F-11D3-BF4B-00C04F79EFBC}") = "BookStore", "BookStore\BookStore.csproj", "{D150B819-76FC-4B3E-9F69-C0FBF7C21BBF}"
EndProject
Global
	GlobalSection(SolutionConfigurationPlatforms) = preSolution
		Debug|Any CPU = Debug|Any CPU
		Release|Any CPU = Release|Any CPU
	EndGlobalSection
	GlobalSection(ProjectConfigurationPlatforms) = postSolution
		{D150B819-76FC-4B3E-9F69-C0FBF7C21BBF}.Debug|Any CPU.ActiveCfg = Debug|Any CPU
		{D150B819-76FC-4B3E-9F69-C0FBF7C21BBF}.Debug|Any CPU.Build.0 = Debug|Any CPU
		{D150B819-76FC-4B3E-9F69-C0FBF7C21BBF}.Release|Any CPU.ActiveCfg = Release|Any CPU
		{D150B819-76FC-4B3E-9F69-C0FBF7C21BBF}.Release|Any CPU.Build.0 = Release|Any CPU
	EndGlobalSection
	GlobalSection(SolutionProperties) = preSolution
		HideSolutionNode = FALSE
	EndGlobalSection
	GlobalSection(ExtensibilityGlobals) = postSolution
		SolutionGuid = {C899AC59-63AC-4F50-8511-5329EFF62446}
	EndGlobalSection
EndGlobal
